// !$*UTF8*$!
{
	archiveVersion = 1;
	classes = {
	};
	objectVersion = 46;
	objects = {

/* Begin PBXBuildFile section */
		C8BE4554CCF547B7FD7FE6B2 /* libPods.a in Frameworks */ = {isa = PBXBuildFile; fileRef = 4E7B68B852D084A31CAB8A6B /* libPods.a */; };
		CF368C9AD7B5CAE075E627EA /* libPods.a in Frameworks */ = {isa = PBXBuildFile; fileRef = 4E7B68B852D084A31CAB8A6B /* libPods.a */; };
		F31E4BCA1A58760E00E2F0A2 /* HttpClientTest.swift in Sources */ = {isa = PBXBuildFile; fileRef = F31E4BC91A58760E00E2F0A2 /* HttpClientTest.swift */; };
		F33B69B41A5B022C004C7742 /* GeoPathUtils.swift in Sources */ = {isa = PBXBuildFile; fileRef = F33B69B31A5B022C004C7742 /* GeoPathUtils.swift */; };
		F33B69BA1A5B43D2004C7742 /* IPUtils.swift in Sources */ = {isa = PBXBuildFile; fileRef = F33B69B91A5B43D2004C7742 /* IPUtils.swift */; };
		F33B69BC1A5C3CD3004C7742 /* Route.swift in Sources */ = {isa = PBXBuildFile; fileRef = F33B69BB1A5C3CD3004C7742 /* Route.swift */; };
		F35F75431A59D93200283F1C /* BannerInfo.swift in Sources */ = {isa = PBXBuildFile; fileRef = F35F75421A59D93200283F1C /* BannerInfo.swift */; };
		F36316911A5C63D2002CAE61 /* Alamofire.framework in Frameworks */ = {isa = PBXBuildFile; fileRef = F363168C1A5C60CC002CAE61 /* Alamofire.framework */; };
		F36316921A5C63D2002CAE61 /* Alamofire.framework in Embed Frameworks */ = {isa = PBXBuildFile; fileRef = F363168C1A5C60CC002CAE61 /* Alamofire.framework */; settings = {ATTRIBUTES = (CodeSignOnCopy, RemoveHeadersOnCopy, ); }; };
		F36316971A5C7082002CAE61 /* TimeTest.swift in Sources */ = {isa = PBXBuildFile; fileRef = F36316961A5C7082002CAE61 /* TimeTest.swift */; };
		F37633AB1A5AC549005AFB8F /* MasterMessage.swift in Sources */ = {isa = PBXBuildFile; fileRef = F37633AA1A5AC549005AFB8F /* MasterMessage.swift */; };
		F37633B01A5ACA3A005AFB8F /* MessageBase.swift in Sources */ = {isa = PBXBuildFile; fileRef = F37633AF1A5ACA3A005AFB8F /* MessageBase.swift */; };
		F37633B31A5ACEFF005AFB8F /* Time.swift in Sources */ = {isa = PBXBuildFile; fileRef = F37633B21A5ACEFF005AFB8F /* Time.swift */; };
		F37633B51A5ADB7B005AFB8F /* NameId.swift in Sources */ = {isa = PBXBuildFile; fileRef = F37633B41A5ADB7B005AFB8F /* NameId.swift */; };
		F37633B71A5AF9F3005AFB8F /* Storage.swift in Sources */ = {isa = PBXBuildFile; fileRef = F37633B61A5AF9F3005AFB8F /* Storage.swift */; };
		F37633B91A5AFA57005AFB8F /* JourneyStore.swift in Sources */ = {isa = PBXBuildFile; fileRef = F37633B81A5AFA57005AFB8F /* JourneyStore.swift */; };
		F37633BB1A5AFACC005AFB8F /* JourneyPattern.swift in Sources */ = {isa = PBXBuildFile; fileRef = F37633BA1A5AFACC005AFB8F /* JourneyPattern.swift */; };
		F39802011A59FEB400D6C2B0 /* Buspass.swift in Sources */ = {isa = PBXBuildFile; fileRef = F39802001A59FEB400D6C2B0 /* Buspass.swift */; };
		F39802061A5A075600D6C2B0 /* BuspassApi.swift in Sources */ = {isa = PBXBuildFile; fileRef = F39802051A5A075600D6C2B0 /* BuspassApi.swift */; };
		F39802081A5A08A400D6C2B0 /* BuspasEvents.swift in Sources */ = {isa = PBXBuildFile; fileRef = F39802071A5A08A400D6C2B0 /* BuspasEvents.swift */; };
		F398020A1A5A40FF00D6C2B0 /* MessageSpec.swift in Sources */ = {isa = PBXBuildFile; fileRef = F39802091A5A40FF00D6C2B0 /* MessageSpec.swift */; };
		F398020C1A5A424200D6C2B0 /* MarkerInfo.swift in Sources */ = {isa = PBXBuildFile; fileRef = F398020B1A5A424200D6C2B0 /* MarkerInfo.swift */; };
		F3C8FE521A5359B0009FF404 /* AppDelegate.swift in Sources */ = {isa = PBXBuildFile; fileRef = F3C8FE511A5359B0009FF404 /* AppDelegate.swift */; };
		F3C8FE541A5359B0009FF404 /* FirstViewController.swift in Sources */ = {isa = PBXBuildFile; fileRef = F3C8FE531A5359B0009FF404 /* FirstViewController.swift */; };
		F3C8FE561A5359B0009FF404 /* SecondViewController.swift in Sources */ = {isa = PBXBuildFile; fileRef = F3C8FE551A5359B0009FF404 /* SecondViewController.swift */; };
		F3C8FE591A5359B0009FF404 /* Main.storyboard in Resources */ = {isa = PBXBuildFile; fileRef = F3C8FE571A5359B0009FF404 /* Main.storyboard */; };
		F3C8FE5B1A5359B0009FF404 /* Images.xcassets in Resources */ = {isa = PBXBuildFile; fileRef = F3C8FE5A1A5359B0009FF404 /* Images.xcassets */; };
		F3C8FE5E1A5359B0009FF404 /* LaunchScreen.xib in Resources */ = {isa = PBXBuildFile; fileRef = F3C8FE5C1A5359B0009FF404 /* LaunchScreen.xib */; };
		F3C8FE6A1A5359B0009FF404 /* BusmeIPhoneTests.swift in Sources */ = {isa = PBXBuildFile; fileRef = F3C8FE691A5359B0009FF404 /* BusmeIPhoneTests.swift */; };
		F3C8FE841A535B0D009FF404 /* ApiBase.swift in Sources */ = {isa = PBXBuildFile; fileRef = F3C8FE741A535B0D009FF404 /* ApiBase.swift */; };
		F3C8FE851A535B0D009FF404 /* LaunchScreen.xib in Resources */ = {isa = PBXBuildFile; fileRef = F3C8FE761A535B0D009FF404 /* LaunchScreen.xib */; };
		F3C8FE861A535B0D009FF404 /* Main.storyboard in Resources */ = {isa = PBXBuildFile; fileRef = F3C8FE781A535B0D009FF404 /* Main.storyboard */; };
		F3C8FE871A535B0D009FF404 /* DetailViewController.swift in Sources */ = {isa = PBXBuildFile; fileRef = F3C8FE7B1A535B0D009FF404 /* DetailViewController.swift */; };
		F3C8FE891A535B0D009FF404 /* HttpClient.swift in Sources */ = {isa = PBXBuildFile; fileRef = F3C8FE7D1A535B0D009FF404 /* HttpClient.swift */; };
		F3C8FE8A1A535B0D009FF404 /* HttpEntity.swift in Sources */ = {isa = PBXBuildFile; fileRef = F3C8FE7E1A535B0D009FF404 /* HttpEntity.swift */; };
		F3C8FE8B1A535B0D009FF404 /* HttpResponse.swift in Sources */ = {isa = PBXBuildFile; fileRef = F3C8FE7F1A535B0D009FF404 /* HttpResponse.swift */; };
		F3C8FE8C1A535B0D009FF404 /* HttpStatusLine.swift in Sources */ = {isa = PBXBuildFile; fileRef = F3C8FE801A535B0D009FF404 /* HttpStatusLine.swift */; };
		F3C8FE8D1A535B0D009FF404 /* MasterViewController.swift in Sources */ = {isa = PBXBuildFile; fileRef = F3C8FE811A535B0D009FF404 /* MasterViewController.swift */; };
		F3C8FE8E1A535B0D009FF404 /* Tag.swift in Sources */ = {isa = PBXBuildFile; fileRef = F3C8FE821A535B0D009FF404 /* Tag.swift */; };
/* End PBXBuildFile section */

/* Begin PBXContainerItemProxy section */
		F363168B1A5C60CC002CAE61 /* PBXContainerItemProxy */ = {
			isa = PBXContainerItemProxy;
			containerPortal = F36316861A5C60CC002CAE61 /* Alamofire.xcodeproj */;
			proxyType = 2;
			remoteGlobalIDString = F8111E3319A95C8B0040E7D1;
			remoteInfo = Alamofire;
		};
		F363168D1A5C60CC002CAE61 /* PBXContainerItemProxy */ = {
			isa = PBXContainerItemProxy;
			containerPortal = F36316861A5C60CC002CAE61 /* Alamofire.xcodeproj */;
			proxyType = 2;
			remoteGlobalIDString = F8111E3E19A95C8B0040E7D1;
			remoteInfo = AlamofireTests;
		};
		F36316931A5C63D2002CAE61 /* PBXContainerItemProxy */ = {
			isa = PBXContainerItemProxy;
			containerPortal = F36316861A5C60CC002CAE61 /* Alamofire.xcodeproj */;
			proxyType = 1;
			remoteGlobalIDString = F8111E3219A95C8B0040E7D1;
			remoteInfo = Alamofire;
		};
		F3C8FE641A5359B0009FF404 /* PBXContainerItemProxy */ = {
			isa = PBXContainerItemProxy;
			containerPortal = F3C8FE441A5359B0009FF404 /* Project object */;
			proxyType = 1;
			remoteGlobalIDString = F3C8FE4B1A5359B0009FF404;
			remoteInfo = BusmeIPhone;
		};
/* End PBXContainerItemProxy section */

/* Begin PBXCopyFilesBuildPhase section */
		F36316951A5C63D2002CAE61 /* Embed Frameworks */ = {
			isa = PBXCopyFilesBuildPhase;
			buildActionMask = 2147483647;
			dstPath = "";
			dstSubfolderSpec = 10;
			files = (
				F36316921A5C63D2002CAE61 /* Alamofire.framework in Embed Frameworks */,
			);
			name = "Embed Frameworks";
			runOnlyForDeploymentPostprocessing = 0;
		};
/* End PBXCopyFilesBuildPhase section */

/* Begin PBXFileReference section */
		4D6944093EB05AC881FF119D /* Pods.debug.xcconfig */ = {isa = PBXFileReference; includeInIndex = 1; lastKnownFileType = text.xcconfig; name = Pods.debug.xcconfig; path = "Pods/Target Support Files/Pods/Pods.debug.xcconfig"; sourceTree = "<group>"; };
		4E7B68B852D084A31CAB8A6B /* libPods.a */ = {isa = PBXFileReference; explicitFileType = archive.ar; includeInIndex = 0; path = libPods.a; sourceTree = BUILT_PRODUCTS_DIR; };
		67BCDFAB8FCC113F4A9613FC /* Pods.release.xcconfig */ = {isa = PBXFileReference; includeInIndex = 1; lastKnownFileType = text.xcconfig; name = Pods.release.xcconfig; path = "Pods/Target Support Files/Pods/Pods.release.xcconfig"; sourceTree = "<group>"; };
		F31E4BC91A58760E00E2F0A2 /* HttpClientTest.swift */ = {isa = PBXFileReference; fileEncoding = 4; lastKnownFileType = sourcecode.swift; path = HttpClientTest.swift; sourceTree = "<group>"; };
		F33B69B31A5B022C004C7742 /* GeoPathUtils.swift */ = {isa = PBXFileReference; fileEncoding = 4; lastKnownFileType = sourcecode.swift; path = GeoPathUtils.swift; sourceTree = "<group>"; };
		F33B69B91A5B43D2004C7742 /* IPUtils.swift */ = {isa = PBXFileReference; fileEncoding = 4; lastKnownFileType = sourcecode.swift; path = IPUtils.swift; sourceTree = "<group>"; };
		F33B69BB1A5C3CD3004C7742 /* Route.swift */ = {isa = PBXFileReference; fileEncoding = 4; lastKnownFileType = sourcecode.swift; path = Route.swift; sourceTree = "<group>"; };
		F35F75421A59D93200283F1C /* BannerInfo.swift */ = {isa = PBXFileReference; fileEncoding = 4; lastKnownFileType = sourcecode.swift; path = BannerInfo.swift; sourceTree = "<group>"; };
		F36316861A5C60CC002CAE61 /* Alamofire.xcodeproj */ = {isa = PBXFileReference; lastKnownFileType = "wrapper.pb-project"; name = Alamofire.xcodeproj; path = ../Alamofire/Alamofire.xcodeproj; sourceTree = "<group>"; };
		F36316961A5C7082002CAE61 /* TimeTest.swift */ = {isa = PBXFileReference; fileEncoding = 4; lastKnownFileType = sourcecode.swift; path = TimeTest.swift; sourceTree = "<group>"; };
		F37633AA1A5AC549005AFB8F /* MasterMessage.swift */ = {isa = PBXFileReference; fileEncoding = 4; lastKnownFileType = sourcecode.swift; path = MasterMessage.swift; sourceTree = "<group>"; };
		F37633AF1A5ACA3A005AFB8F /* MessageBase.swift */ = {isa = PBXFileReference; fileEncoding = 4; lastKnownFileType = sourcecode.swift; path = MessageBase.swift; sourceTree = "<group>"; };
		F37633B21A5ACEFF005AFB8F /* Time.swift */ = {isa = PBXFileReference; fileEncoding = 4; lastKnownFileType = sourcecode.swift; path = Time.swift; sourceTree = "<group>"; };
		F37633B41A5ADB7B005AFB8F /* NameId.swift */ = {isa = PBXFileReference; fileEncoding = 4; lastKnownFileType = sourcecode.swift; path = NameId.swift; sourceTree = "<group>"; };
		F37633B61A5AF9F3005AFB8F /* Storage.swift */ = {isa = PBXFileReference; fileEncoding = 4; lastKnownFileType = sourcecode.swift; path = Storage.swift; sourceTree = "<group>"; };
		F37633B81A5AFA57005AFB8F /* JourneyStore.swift */ = {isa = PBXFileReference; fileEncoding = 4; lastKnownFileType = sourcecode.swift; path = JourneyStore.swift; sourceTree = "<group>"; };
		F37633BA1A5AFACC005AFB8F /* JourneyPattern.swift */ = {isa = PBXFileReference; fileEncoding = 4; lastKnownFileType = sourcecode.swift; path = JourneyPattern.swift; sourceTree = "<group>"; };
		F39802001A59FEB400D6C2B0 /* Buspass.swift */ = {isa = PBXFileReference; fileEncoding = 4; lastKnownFileType = sourcecode.swift; path = Buspass.swift; sourceTree = "<group>"; };
		F39802051A5A075600D6C2B0 /* BuspassApi.swift */ = {isa = PBXFileReference; fileEncoding = 4; lastKnownFileType = sourcecode.swift; path = BuspassApi.swift; sourceTree = "<group>"; };
		F39802071A5A08A400D6C2B0 /* BuspasEvents.swift */ = {isa = PBXFileReference; fileEncoding = 4; lastKnownFileType = sourcecode.swift; path = BuspasEvents.swift; sourceTree = "<group>"; };
		F39802091A5A40FF00D6C2B0 /* MessageSpec.swift */ = {isa = PBXFileReference; fileEncoding = 4; lastKnownFileType = sourcecode.swift; path = MessageSpec.swift; sourceTree = "<group>"; };
		F398020B1A5A424200D6C2B0 /* MarkerInfo.swift */ = {isa = PBXFileReference; fileEncoding = 4; lastKnownFileType = sourcecode.swift; path = MarkerInfo.swift; sourceTree = "<group>"; };
		F3C8FE4C1A5359B0009FF404 /* BusmeIPhone.app */ = {isa = PBXFileReference; explicitFileType = wrapper.application; includeInIndex = 0; path = BusmeIPhone.app; sourceTree = BUILT_PRODUCTS_DIR; };
		F3C8FE501A5359B0009FF404 /* Info.plist */ = {isa = PBXFileReference; lastKnownFileType = text.plist.xml; path = Info.plist; sourceTree = "<group>"; };
		F3C8FE511A5359B0009FF404 /* AppDelegate.swift */ = {isa = PBXFileReference; lastKnownFileType = sourcecode.swift; path = AppDelegate.swift; sourceTree = "<group>"; };
		F3C8FE531A5359B0009FF404 /* FirstViewController.swift */ = {isa = PBXFileReference; lastKnownFileType = sourcecode.swift; path = FirstViewController.swift; sourceTree = "<group>"; };
		F3C8FE551A5359B0009FF404 /* SecondViewController.swift */ = {isa = PBXFileReference; lastKnownFileType = sourcecode.swift; path = SecondViewController.swift; sourceTree = "<group>"; };
		F3C8FE581A5359B0009FF404 /* Base */ = {isa = PBXFileReference; lastKnownFileType = file.storyboard; name = Base; path = Base.lproj/Main.storyboard; sourceTree = "<group>"; };
		F3C8FE5A1A5359B0009FF404 /* Images.xcassets */ = {isa = PBXFileReference; lastKnownFileType = folder.assetcatalog; path = Images.xcassets; sourceTree = "<group>"; };
		F3C8FE5D1A5359B0009FF404 /* Base */ = {isa = PBXFileReference; lastKnownFileType = file.xib; name = Base; path = Base.lproj/LaunchScreen.xib; sourceTree = "<group>"; };
		F3C8FE631A5359B0009FF404 /* BusmeIPhoneTests.xctest */ = {isa = PBXFileReference; explicitFileType = wrapper.cfbundle; includeInIndex = 0; path = BusmeIPhoneTests.xctest; sourceTree = BUILT_PRODUCTS_DIR; };
		F3C8FE681A5359B0009FF404 /* Info.plist */ = {isa = PBXFileReference; lastKnownFileType = text.plist.xml; path = Info.plist; sourceTree = "<group>"; };
		F3C8FE691A5359B0009FF404 /* BusmeIPhoneTests.swift */ = {isa = PBXFileReference; lastKnownFileType = sourcecode.swift; path = BusmeIPhoneTests.swift; sourceTree = "<group>"; };
		F3C8FE741A535B0D009FF404 /* ApiBase.swift */ = {isa = PBXFileReference; fileEncoding = 4; lastKnownFileType = sourcecode.swift; path = ApiBase.swift; sourceTree = "<group>"; };
		F3C8FE771A535B0D009FF404 /* Base */ = {isa = PBXFileReference; lastKnownFileType = file.xib; name = Base; path = LaunchScreen.xib; sourceTree = "<group>"; };
		F3C8FE791A535B0D009FF404 /* Base */ = {isa = PBXFileReference; lastKnownFileType = file.storyboard; name = Base; path = Main.storyboard; sourceTree = "<group>"; };
		F3C8FE7B1A535B0D009FF404 /* DetailViewController.swift */ = {isa = PBXFileReference; fileEncoding = 4; lastKnownFileType = sourcecode.swift; path = DetailViewController.swift; sourceTree = "<group>"; };
		F3C8FE7D1A535B0D009FF404 /* HttpClient.swift */ = {isa = PBXFileReference; fileEncoding = 4; lastKnownFileType = sourcecode.swift; path = HttpClient.swift; sourceTree = "<group>"; };
		F3C8FE7E1A535B0D009FF404 /* HttpEntity.swift */ = {isa = PBXFileReference; fileEncoding = 4; lastKnownFileType = sourcecode.swift; path = HttpEntity.swift; sourceTree = "<group>"; };
		F3C8FE7F1A535B0D009FF404 /* HttpResponse.swift */ = {isa = PBXFileReference; fileEncoding = 4; lastKnownFileType = sourcecode.swift; path = HttpResponse.swift; sourceTree = "<group>"; };
		F3C8FE801A535B0D009FF404 /* HttpStatusLine.swift */ = {isa = PBXFileReference; fileEncoding = 4; lastKnownFileType = sourcecode.swift; path = HttpStatusLine.swift; sourceTree = "<group>"; };
		F3C8FE811A535B0D009FF404 /* MasterViewController.swift */ = {isa = PBXFileReference; fileEncoding = 4; lastKnownFileType = sourcecode.swift; path = MasterViewController.swift; sourceTree = "<group>"; };
		F3C8FE821A535B0D009FF404 /* Tag.swift */ = {isa = PBXFileReference; fileEncoding = 4; lastKnownFileType = sourcecode.swift; path = Tag.swift; sourceTree = "<group>"; };
		F3C8FEBD1A535D78009FF404 /* BusmeIPhone-Bridging-Header.h */ = {isa = PBXFileReference; lastKnownFileType = sourcecode.c.h; path = "BusmeIPhone-Bridging-Header.h"; sourceTree = "<group>"; };
/* End PBXFileReference section */

/* Begin PBXFrameworksBuildPhase section */
		F3C8FE491A5359B0009FF404 /* Frameworks */ = {
			isa = PBXFrameworksBuildPhase;
			buildActionMask = 2147483647;
			files = (
				C8BE4554CCF547B7FD7FE6B2 /* libPods.a in Frameworks */,
				F36316911A5C63D2002CAE61 /* Alamofire.framework in Frameworks */,
			);
			runOnlyForDeploymentPostprocessing = 0;
		};
		F3C8FE601A5359B0009FF404 /* Frameworks */ = {
			isa = PBXFrameworksBuildPhase;
			buildActionMask = 2147483647;
			files = (
				CF368C9AD7B5CAE075E627EA /* libPods.a in Frameworks */,
			);
			runOnlyForDeploymentPostprocessing = 0;
		};
/* End PBXFrameworksBuildPhase section */

/* Begin PBXGroup section */
		06482B5AED0455B91E1FA0D1 /* Frameworks */ = {
			isa = PBXGroup;
			children = (
				F36316861A5C60CC002CAE61 /* Alamofire.xcodeproj */,
				4E7B68B852D084A31CAB8A6B /* libPods.a */,
			);
			name = Frameworks;
			sourceTree = "<group>";
		};
		D5C8335478AD9CF508F07ECD /* Pods */ = {
			isa = PBXGroup;
			children = (
				4D6944093EB05AC881FF119D /* Pods.debug.xcconfig */,
				67BCDFAB8FCC113F4A9613FC /* Pods.release.xcconfig */,
			);
			name = Pods;
			sourceTree = "<group>";
		};
		F36316871A5C60CC002CAE61 /* Products */ = {
			isa = PBXGroup;
			children = (
				F363168C1A5C60CC002CAE61 /* Alamofire.framework */,
				F363168E1A5C60CC002CAE61 /* AlamofireTests.xctest */,
			);
			name = Products;
			sourceTree = "<group>";
		};
		F37633B11A5ACEEC005AFB8F /* utils */ = {
			isa = PBXGroup;
			children = (
				F37633B21A5ACEFF005AFB8F /* Time.swift */,
				F33B69B31A5B022C004C7742 /* GeoPathUtils.swift */,
			);
			name = utils;
			sourceTree = "<group>";
		};
		F3C8FE431A5359B0009FF404 = {
			isa = PBXGroup;
			children = (
				F3C8FE4E1A5359B0009FF404 /* BusmeIPhone */,
				F3C8FE661A5359B0009FF404 /* BusmeIPhoneTests */,
				F3C8FE4D1A5359B0009FF404 /* Products */,
				D5C8335478AD9CF508F07ECD /* Pods */,
				06482B5AED0455B91E1FA0D1 /* Frameworks */,
			);
			sourceTree = "<group>";
		};
		F3C8FE4D1A5359B0009FF404 /* Products */ = {
			isa = PBXGroup;
			children = (
				F3C8FE4C1A5359B0009FF404 /* BusmeIPhone.app */,
				F3C8FE631A5359B0009FF404 /* BusmeIPhoneTests.xctest */,
			);
			name = Products;
			sourceTree = "<group>";
		};
		F3C8FE4E1A5359B0009FF404 /* BusmeIPhone */ = {
			isa = PBXGroup;
			children = (
				F3C8FE8F1A535B13009FF404 /* lib */,
				F3C8FE751A535B0D009FF404 /* Base.lproj */,
				F3C8FE7B1A535B0D009FF404 /* DetailViewController.swift */,
				F3C8FEBD1A535D78009FF404 /* BusmeIPhone-Bridging-Header.h */,
				F3C8FE811A535B0D009FF404 /* MasterViewController.swift */,
				F3C8FE511A5359B0009FF404 /* AppDelegate.swift */,
				F3C8FE531A5359B0009FF404 /* FirstViewController.swift */,
				F3C8FE551A5359B0009FF404 /* SecondViewController.swift */,
				F3C8FE571A5359B0009FF404 /* Main.storyboard */,
				F3C8FE5A1A5359B0009FF404 /* Images.xcassets */,
				F3C8FE5C1A5359B0009FF404 /* LaunchScreen.xib */,
				F3C8FE4F1A5359B0009FF404 /* Supporting Files */,
			);
			path = BusmeIPhone;
			sourceTree = "<group>";
		};
		F3C8FE4F1A5359B0009FF404 /* Supporting Files */ = {
			isa = PBXGroup;
			children = (
				F3C8FE501A5359B0009FF404 /* Info.plist */,
			);
			name = "Supporting Files";
			sourceTree = "<group>";
		};
		F3C8FE661A5359B0009FF404 /* BusmeIPhoneTests */ = {
			isa = PBXGroup;
			children = (
				F36316961A5C7082002CAE61 /* TimeTest.swift */,
				F3C8FE691A5359B0009FF404 /* BusmeIPhoneTests.swift */,
				F31E4BC91A58760E00E2F0A2 /* HttpClientTest.swift */,
				F3C8FE671A5359B0009FF404 /* Supporting Files */,
			);
			path = BusmeIPhoneTests;
			sourceTree = "<group>";
		};
		F3C8FE671A5359B0009FF404 /* Supporting Files */ = {
			isa = PBXGroup;
			children = (
				F3C8FE681A5359B0009FF404 /* Info.plist */,
			);
			name = "Supporting Files";
			sourceTree = "<group>";
		};
		F3C8FE751A535B0D009FF404 /* Base.lproj */ = {
			isa = PBXGroup;
			children = (
				F3C8FE761A535B0D009FF404 /* LaunchScreen.xib */,
				F3C8FE781A535B0D009FF404 /* Main.storyboard */,
			);
			path = Base.lproj;
			sourceTree = "<group>";
		};
		F3C8FE8F1A535B13009FF404 /* lib */ = {
			isa = PBXGroup;
			children = (
				F3C8FE911A535B2D009FF404 /* busme */,
			);
			name = lib;
			sourceTree = "<group>";
		};
		F3C8FE911A535B2D009FF404 /* busme */ = {
			isa = PBXGroup;
			children = (
				F37633B11A5ACEEC005AFB8F /* utils */,
				F3C8FE931A535B54009FF404 /* api */,
				F3C8FE921A535B35009FF404 /* http */,
			);
			name = busme;
			sourceTree = "<group>";
		};
		F3C8FE921A535B35009FF404 /* http */ = {
			isa = PBXGroup;
			children = (
				F3C8FE7D1A535B0D009FF404 /* HttpClient.swift */,
				F3C8FE7E1A535B0D009FF404 /* HttpEntity.swift */,
				F3C8FE7F1A535B0D009FF404 /* HttpResponse.swift */,
				F3C8FE801A535B0D009FF404 /* HttpStatusLine.swift */,
			);
			name = http;
			sourceTree = "<group>";
		};
		F3C8FE931A535B54009FF404 /* api */ = {
			isa = PBXGroup;
			children = (
				F3C8FE821A535B0D009FF404 /* Tag.swift */,
				F3C8FE741A535B0D009FF404 /* ApiBase.swift */,
				F35F75421A59D93200283F1C /* BannerInfo.swift */,
				F33B69B91A5B43D2004C7742 /* IPUtils.swift */,
				F39802001A59FEB400D6C2B0 /* Buspass.swift */,
				F39802051A5A075600D6C2B0 /* BuspassApi.swift */,
				F39802071A5A08A400D6C2B0 /* BuspasEvents.swift */,
				F39802091A5A40FF00D6C2B0 /* MessageSpec.swift */,
				F37633AF1A5ACA3A005AFB8F /* MessageBase.swift */,
				F398020B1A5A424200D6C2B0 /* MarkerInfo.swift */,
				F37633AA1A5AC549005AFB8F /* MasterMessage.swift */,
				F37633B41A5ADB7B005AFB8F /* NameId.swift */,
				F37633B61A5AF9F3005AFB8F /* Storage.swift */,
				F37633B81A5AFA57005AFB8F /* JourneyStore.swift */,
				F37633BA1A5AFACC005AFB8F /* JourneyPattern.swift */,
				F33B69BB1A5C3CD3004C7742 /* Route.swift */,
			);
			name = api;
			sourceTree = "<group>";
		};
/* End PBXGroup section */

/* Begin PBXNativeTarget section */
		F3C8FE4B1A5359B0009FF404 /* BusmeIPhone */ = {
			isa = PBXNativeTarget;
			buildConfigurationList = F3C8FE6D1A5359B0009FF404 /* Build configuration list for PBXNativeTarget "BusmeIPhone" */;
			buildPhases = (
				2361A9936E79F642FFF691C3 /* Check Pods Manifest.lock */,
				F3C8FE481A5359B0009FF404 /* Sources */,
				F3C8FE491A5359B0009FF404 /* Frameworks */,
				F3C8FE4A1A5359B0009FF404 /* Resources */,
				DBFD6D3AED75FD6E9DD9E5E2 /* Copy Pods Resources */,
				F36316951A5C63D2002CAE61 /* Embed Frameworks */,
			);
			buildRules = (
			);
			dependencies = (
				F36316941A5C63D2002CAE61 /* PBXTargetDependency */,
			);
			name = BusmeIPhone;
			productName = BusmeIPhone;
			productReference = F3C8FE4C1A5359B0009FF404 /* BusmeIPhone.app */;
			productType = "com.apple.product-type.application";
		};
		F3C8FE621A5359B0009FF404 /* BusmeIPhoneTests */ = {
			isa = PBXNativeTarget;
			buildConfigurationList = F3C8FE701A5359B0009FF404 /* Build configuration list for PBXNativeTarget "BusmeIPhoneTests" */;
			buildPhases = (
				0049DE65F59A42ECD127747D /* Check Pods Manifest.lock */,
				F3C8FE5F1A5359B0009FF404 /* Sources */,
				F3C8FE601A5359B0009FF404 /* Frameworks */,
				F3C8FE611A5359B0009FF404 /* Resources */,
				2C519B9E8D25AAA8449E0A12 /* Copy Pods Resources */,
			);
			buildRules = (
			);
			dependencies = (
				F3C8FE651A5359B0009FF404 /* PBXTargetDependency */,
			);
			name = BusmeIPhoneTests;
			productName = BusmeIPhoneTests;
			productReference = F3C8FE631A5359B0009FF404 /* BusmeIPhoneTests.xctest */;
			productType = "com.apple.product-type.bundle.unit-test";
		};
/* End PBXNativeTarget section */

/* Begin PBXProject section */
		F3C8FE441A5359B0009FF404 /* Project object */ = {
			isa = PBXProject;
			attributes = {
				LastUpgradeCheck = 0610;
				ORGANIZATIONNAME = "Polar Humenn";
				TargetAttributes = {
					F3C8FE4B1A5359B0009FF404 = {
						CreatedOnToolsVersion = 6.1;
					};
					F3C8FE621A5359B0009FF404 = {
						CreatedOnToolsVersion = 6.1;
						TestTargetID = F3C8FE4B1A5359B0009FF404;
					};
				};
			};
			buildConfigurationList = F3C8FE471A5359B0009FF404 /* Build configuration list for PBXProject "BusmeIPhone" */;
			compatibilityVersion = "Xcode 3.2";
			developmentRegion = English;
			hasScannedForEncodings = 0;
			knownRegions = (
				en,
				Base,
			);
			mainGroup = F3C8FE431A5359B0009FF404;
			productRefGroup = F3C8FE4D1A5359B0009FF404 /* Products */;
			projectDirPath = "";
			projectReferences = (
				{
					ProductGroup = F36316871A5C60CC002CAE61 /* Products */;
					ProjectRef = F36316861A5C60CC002CAE61 /* Alamofire.xcodeproj */;
				},
			);
			projectRoot = "";
			targets = (
				F3C8FE4B1A5359B0009FF404 /* BusmeIPhone */,
				F3C8FE621A5359B0009FF404 /* BusmeIPhoneTests */,
			);
		};
/* End PBXProject section */

/* Begin PBXReferenceProxy section */
		F363168C1A5C60CC002CAE61 /* Alamofire.framework */ = {
			isa = PBXReferenceProxy;
			fileType = wrapper.framework;
			path = Alamofire.framework;
			remoteRef = F363168B1A5C60CC002CAE61 /* PBXContainerItemProxy */;
			sourceTree = BUILT_PRODUCTS_DIR;
		};
		F363168E1A5C60CC002CAE61 /* AlamofireTests.xctest */ = {
			isa = PBXReferenceProxy;
			fileType = wrapper.cfbundle;
			path = AlamofireTests.xctest;
			remoteRef = F363168D1A5C60CC002CAE61 /* PBXContainerItemProxy */;
			sourceTree = BUILT_PRODUCTS_DIR;
		};
/* End PBXReferenceProxy section */

/* Begin PBXResourcesBuildPhase section */
		F3C8FE4A1A5359B0009FF404 /* Resources */ = {
			isa = PBXResourcesBuildPhase;
			buildActionMask = 2147483647;
			files = (
				F3C8FE851A535B0D009FF404 /* LaunchScreen.xib in Resources */,
				F3C8FE861A535B0D009FF404 /* Main.storyboard in Resources */,
				F3C8FE591A5359B0009FF404 /* Main.storyboard in Resources */,
				F3C8FE5E1A5359B0009FF404 /* LaunchScreen.xib in Resources */,
				F3C8FE5B1A5359B0009FF404 /* Images.xcassets in Resources */,
			);
			runOnlyForDeploymentPostprocessing = 0;
		};
		F3C8FE611A5359B0009FF404 /* Resources */ = {
			isa = PBXResourcesBuildPhase;
			buildActionMask = 2147483647;
			files = (
			);
			runOnlyForDeploymentPostprocessing = 0;
		};
/* End PBXResourcesBuildPhase section */

/* Begin PBXShellScriptBuildPhase section */
		0049DE65F59A42ECD127747D /* Check Pods Manifest.lock */ = {
			isa = PBXShellScriptBuildPhase;
			buildActionMask = 2147483647;
			files = (
			);
			inputPaths = (
			);
			name = "Check Pods Manifest.lock";
			outputPaths = (
			);
			runOnlyForDeploymentPostprocessing = 0;
			shellPath = /bin/sh;
			shellScript = "diff \"${PODS_ROOT}/../Podfile.lock\" \"${PODS_ROOT}/Manifest.lock\" > /dev/null\nif [[ $? != 0 ]] ; then\n    cat << EOM\nerror: The sandbox is not in sync with the Podfile.lock. Run 'pod install' or update your CocoaPods installation.\nEOM\n    exit 1\nfi\n";
			showEnvVarsInLog = 0;
		};
		2361A9936E79F642FFF691C3 /* Check Pods Manifest.lock */ = {
			isa = PBXShellScriptBuildPhase;
			buildActionMask = 2147483647;
			files = (
			);
			inputPaths = (
			);
			name = "Check Pods Manifest.lock";
			outputPaths = (
			);
			runOnlyForDeploymentPostprocessing = 0;
			shellPath = /bin/sh;
			shellScript = "diff \"${PODS_ROOT}/../Podfile.lock\" \"${PODS_ROOT}/Manifest.lock\" > /dev/null\nif [[ $? != 0 ]] ; then\n    cat << EOM\nerror: The sandbox is not in sync with the Podfile.lock. Run 'pod install' or update your CocoaPods installation.\nEOM\n    exit 1\nfi\n";
			showEnvVarsInLog = 0;
		};
		2C519B9E8D25AAA8449E0A12 /* Copy Pods Resources */ = {
			isa = PBXShellScriptBuildPhase;
			buildActionMask = 2147483647;
			files = (
			);
			inputPaths = (
			);
			name = "Copy Pods Resources";
			outputPaths = (
			);
			runOnlyForDeploymentPostprocessing = 0;
			shellPath = /bin/sh;
			shellScript = "\"${SRCROOT}/Pods/Target Support Files/Pods/Pods-resources.sh\"\n";
			showEnvVarsInLog = 0;
		};
		DBFD6D3AED75FD6E9DD9E5E2 /* Copy Pods Resources */ = {
			isa = PBXShellScriptBuildPhase;
			buildActionMask = 2147483647;
			files = (
			);
			inputPaths = (
			);
			name = "Copy Pods Resources";
			outputPaths = (
			);
			runOnlyForDeploymentPostprocessing = 0;
			shellPath = /bin/sh;
			shellScript = "\"${SRCROOT}/Pods/Target Support Files/Pods/Pods-resources.sh\"\n";
			showEnvVarsInLog = 0;
		};
/* End PBXShellScriptBuildPhase section */

/* Begin PBXSourcesBuildPhase section */
		F3C8FE481A5359B0009FF404 /* Sources */ = {
			isa = PBXSourcesBuildPhase;
			buildActionMask = 2147483647;
			files = (
				F37633B91A5AFA57005AFB8F /* JourneyStore.swift in Sources */,
				F37633BB1A5AFACC005AFB8F /* JourneyPattern.swift in Sources */,
				F3C8FE8B1A535B0D009FF404 /* HttpResponse.swift in Sources */,
				F37633B71A5AF9F3005AFB8F /* Storage.swift in Sources */,
				F398020C1A5A424200D6C2B0 /* MarkerInfo.swift in Sources */,
				F39802081A5A08A400D6C2B0 /* BuspasEvents.swift in Sources */,
				F35F75431A59D93200283F1C /* BannerInfo.swift in Sources */,
				F3C8FE561A5359B0009FF404 /* SecondViewController.swift in Sources */,
				F3C8FE8A1A535B0D009FF404 /* HttpEntity.swift in Sources */,
				F3C8FE521A5359B0009FF404 /* AppDelegate.swift in Sources */,
				F33B69BA1A5B43D2004C7742 /* IPUtils.swift in Sources */,
				F37633B51A5ADB7B005AFB8F /* NameId.swift in Sources */,
				F3C8FE891A535B0D009FF404 /* HttpClient.swift in Sources */,
				F39802011A59FEB400D6C2B0 /* Buspass.swift in Sources */,
				F3C8FE841A535B0D009FF404 /* ApiBase.swift in Sources */,
				F39802061A5A075600D6C2B0 /* BuspassApi.swift in Sources */,
				F37633B01A5ACA3A005AFB8F /* MessageBase.swift in Sources */,
				F37633B31A5ACEFF005AFB8F /* Time.swift in Sources */,
				F33B69BC1A5C3CD3004C7742 /* Route.swift in Sources */,
				F3C8FE871A535B0D009FF404 /* DetailViewController.swift in Sources */,
				F3C8FE8C1A535B0D009FF404 /* HttpStatusLine.swift in Sources */,
				F398020A1A5A40FF00D6C2B0 /* MessageSpec.swift in Sources */,
				F3C8FE8D1A535B0D009FF404 /* MasterViewController.swift in Sources */,
				F37633AB1A5AC549005AFB8F /* MasterMessage.swift in Sources */,
				F3C8FE541A5359B0009FF404 /* FirstViewController.swift in Sources */,
				F3C8FE8E1A535B0D009FF404 /* Tag.swift in Sources */,
				F33B69B41A5B022C004C7742 /* GeoPathUtils.swift in Sources */,
			);
			runOnlyForDeploymentPostprocessing = 0;
		};
		F3C8FE5F1A5359B0009FF404 /* Sources */ = {
			isa = PBXSourcesBuildPhase;
			buildActionMask = 2147483647;
			files = (
				F31E4BCA1A58760E00E2F0A2 /* HttpClientTest.swift in Sources */,
				F3C8FE6A1A5359B0009FF404 /* BusmeIPhoneTests.swift in Sources */,
				F36316971A5C7082002CAE61 /* TimeTest.swift in Sources */,
			);
			runOnlyForDeploymentPostprocessing = 0;
		};
/* End PBXSourcesBuildPhase section */

/* Begin PBXTargetDependency section */
		F36316941A5C63D2002CAE61 /* PBXTargetDependency */ = {
			isa = PBXTargetDependency;
			name = Alamofire;
			targetProxy = F36316931A5C63D2002CAE61 /* PBXContainerItemProxy */;
		};
		F3C8FE651A5359B0009FF404 /* PBXTargetDependency */ = {
			isa = PBXTargetDependency;
			target = F3C8FE4B1A5359B0009FF404 /* BusmeIPhone */;
			targetProxy = F3C8FE641A5359B0009FF404 /* PBXContainerItemProxy */;
		};
/* End PBXTargetDependency section */

/* Begin PBXVariantGroup section */
		F3C8FE571A5359B0009FF404 /* Main.storyboard */ = {
			isa = PBXVariantGroup;
			children = (
				F3C8FE581A5359B0009FF404 /* Base */,
			);
			name = Main.storyboard;
			sourceTree = "<group>";
		};
		F3C8FE5C1A5359B0009FF404 /* LaunchScreen.xib */ = {
			isa = PBXVariantGroup;
			children = (
				F3C8FE5D1A5359B0009FF404 /* Base */,
			);
			name = LaunchScreen.xib;
			sourceTree = "<group>";
		};
		F3C8FE761A535B0D009FF404 /* LaunchScreen.xib */ = {
			isa = PBXVariantGroup;
			children = (
				F3C8FE771A535B0D009FF404 /* Base */,
			);
			name = LaunchScreen.xib;
			sourceTree = "<group>";
		};
		F3C8FE781A535B0D009FF404 /* Main.storyboard */ = {
			isa = PBXVariantGroup;
			children = (
				F3C8FE791A535B0D009FF404 /* Base */,
			);
			name = Main.storyboard;
			sourceTree = "<group>";
		};
/* End PBXVariantGroup section */

/* Begin XCBuildConfiguration section */
		F3C8FE6B1A5359B0009FF404 /* Debug */ = {
			isa = XCBuildConfiguration;
			buildSettings = {
				ALWAYS_SEARCH_USER_PATHS = NO;
				CLANG_CXX_LANGUAGE_STANDARD = "gnu++0x";
				CLANG_CXX_LIBRARY = "libc++";
				CLANG_ENABLE_MODULES = YES;
				CLANG_ENABLE_OBJC_ARC = YES;
				CLANG_WARN_BOOL_CONVERSION = YES;
				CLANG_WARN_CONSTANT_CONVERSION = YES;
				CLANG_WARN_DIRECT_OBJC_ISA_USAGE = YES_ERROR;
				CLANG_WARN_EMPTY_BODY = YES;
				CLANG_WARN_ENUM_CONVERSION = YES;
				CLANG_WARN_INT_CONVERSION = YES;
				CLANG_WARN_OBJC_ROOT_CLASS = YES_ERROR;
				CLANG_WARN_UNREACHABLE_CODE = YES;
				CLANG_WARN__DUPLICATE_METHOD_MATCH = YES;
				"CODE_SIGN_IDENTITY[sdk=iphoneos*]" = "iPhone Developer";
				COPY_PHASE_STRIP = NO;
				ENABLE_STRICT_OBJC_MSGSEND = YES;
				GCC_C_LANGUAGE_STANDARD = gnu99;
				GCC_DYNAMIC_NO_PIC = NO;
				GCC_OPTIMIZATION_LEVEL = 0;
				GCC_PREPROCESSOR_DEFINITIONS = (
					"DEBUG=1",
					"$(inherited)",
				);
				GCC_SYMBOLS_PRIVATE_EXTERN = NO;
				GCC_WARN_64_TO_32_BIT_CONVERSION = YES;
				GCC_WARN_ABOUT_RETURN_TYPE = YES_ERROR;
				GCC_WARN_UNDECLARED_SELECTOR = YES;
				GCC_WARN_UNINITIALIZED_AUTOS = YES_AGGRESSIVE;
				GCC_WARN_UNUSED_FUNCTION = YES;
				GCC_WARN_UNUSED_VARIABLE = YES;
				IPHONEOS_DEPLOYMENT_TARGET = 8.1;
				MTL_ENABLE_DEBUG_INFO = YES;
				ONLY_ACTIVE_ARCH = YES;
				SDKROOT = iphoneos;
				SWIFT_OPTIMIZATION_LEVEL = "-Onone";
				TARGETED_DEVICE_FAMILY = "1,2";
			};
			name = Debug;
		};
		F3C8FE6C1A5359B0009FF404 /* Release */ = {
			isa = XCBuildConfiguration;
			buildSettings = {
				ALWAYS_SEARCH_USER_PATHS = NO;
				CLANG_CXX_LANGUAGE_STANDARD = "gnu++0x";
				CLANG_CXX_LIBRARY = "libc++";
				CLANG_ENABLE_MODULES = YES;
				CLANG_ENABLE_OBJC_ARC = YES;
				CLANG_WARN_BOOL_CONVERSION = YES;
				CLANG_WARN_CONSTANT_CONVERSION = YES;
				CLANG_WARN_DIRECT_OBJC_ISA_USAGE = YES_ERROR;
				CLANG_WARN_EMPTY_BODY = YES;
				CLANG_WARN_ENUM_CONVERSION = YES;
				CLANG_WARN_INT_CONVERSION = YES;
				CLANG_WARN_OBJC_ROOT_CLASS = YES_ERROR;
				CLANG_WARN_UNREACHABLE_CODE = YES;
				CLANG_WARN__DUPLICATE_METHOD_MATCH = YES;
				"CODE_SIGN_IDENTITY[sdk=iphoneos*]" = "iPhone Developer";
				COPY_PHASE_STRIP = YES;
				ENABLE_NS_ASSERTIONS = NO;
				ENABLE_STRICT_OBJC_MSGSEND = YES;
				GCC_C_LANGUAGE_STANDARD = gnu99;
				GCC_WARN_64_TO_32_BIT_CONVERSION = YES;
				GCC_WARN_ABOUT_RETURN_TYPE = YES_ERROR;
				GCC_WARN_UNDECLARED_SELECTOR = YES;
				GCC_WARN_UNINITIALIZED_AUTOS = YES_AGGRESSIVE;
				GCC_WARN_UNUSED_FUNCTION = YES;
				GCC_WARN_UNUSED_VARIABLE = YES;
				IPHONEOS_DEPLOYMENT_TARGET = 8.1;
				MTL_ENABLE_DEBUG_INFO = NO;
				SDKROOT = iphoneos;
				TARGETED_DEVICE_FAMILY = "1,2";
				VALIDATE_PRODUCT = YES;
			};
			name = Release;
		};
		F3C8FE6E1A5359B0009FF404 /* Debug */ = {
			isa = XCBuildConfiguration;
			baseConfigurationReference = 4D6944093EB05AC881FF119D /* Pods.debug.xcconfig */;
			buildSettings = {
				ASSETCATALOG_COMPILER_APPICON_NAME = AppIcon;
				CLANG_ENABLE_MODULES = YES;
				EMBEDDED_CONTENT_CONTAINS_SWIFT = YES;
				INFOPLIST_FILE = BusmeIPhone/Info.plist;
				IPHONEOS_DEPLOYMENT_TARGET = 7.1;
				LD_RUNPATH_SEARCH_PATHS = "$(inherited) @executable_path/Frameworks";
				PRODUCT_NAME = "$(TARGET_NAME)";
				SWIFT_OBJC_BRIDGING_HEADER = "BusmeIPhone/BusmeIPhone-Bridging-Header.h";
				SWIFT_OPTIMIZATION_LEVEL = "-Onone";
			};
			name = Debug;
		};
		F3C8FE6F1A5359B0009FF404 /* Release */ = {
			isa = XCBuildConfiguration;
			baseConfigurationReference = 67BCDFAB8FCC113F4A9613FC /* Pods.release.xcconfig */;
			buildSettings = {
				ASSETCATALOG_COMPILER_APPICON_NAME = AppIcon;
				CLANG_ENABLE_MODULES = YES;
				EMBEDDED_CONTENT_CONTAINS_SWIFT = YES;
				INFOPLIST_FILE = BusmeIPhone/Info.plist;
				IPHONEOS_DEPLOYMENT_TARGET = 7.1;
				LD_RUNPATH_SEARCH_PATHS = "$(inherited) @executable_path/Frameworks";
				PRODUCT_NAME = "$(TARGET_NAME)";
				SWIFT_OBJC_BRIDGING_HEADER = "BusmeIPhone/BusmeIPhone-Bridging-Header.h";
			};
			name = Release;
		};
		F3C8FE711A5359B0009FF404 /* Debug */ = {
			isa = XCBuildConfiguration;
			baseConfigurationReference = 4D6944093EB05AC881FF119D /* Pods.debug.xcconfig */;
			buildSettings = {
				BUNDLE_LOADER = "$(TEST_HOST)";
				FRAMEWORK_SEARCH_PATHS = (
					"$(SDKROOT)/Developer/Library/Frameworks",
					"$(inherited)",
				);
				GCC_PREPROCESSOR_DEFINITIONS = (
					"DEBUG=1",
					"$(inherited)",
				);
				INFOPLIST_FILE = BusmeIPhoneTests/Info.plist;
				LD_RUNPATH_SEARCH_PATHS = "$(inherited) @executable_path/Frameworks @loader_path/Frameworks";
				PRODUCT_NAME = "$(TARGET_NAME)";
				TEST_HOST = "$(BUILT_PRODUCTS_DIR)/BusmeIPhone.app/BusmeIPhone";
			};
			name = Debug;
		};
		F3C8FE721A5359B0009FF404 /* Release */ = {
			isa = XCBuildConfiguration;
			baseConfigurationReference = 67BCDFAB8FCC113F4A9613FC /* Pods.release.xcconfig */;
			buildSettings = {
				BUNDLE_LOADER = "$(TEST_HOST)";
				FRAMEWORK_SEARCH_PATHS = (
					"$(SDKROOT)/Developer/Library/Frameworks",
					"$(inherited)",
				);
				INFOPLIST_FILE = BusmeIPhoneTests/Info.plist;
				LD_RUNPATH_SEARCH_PATHS = "$(inherited) @executable_path/Frameworks @loader_path/Frameworks";
				PRODUCT_NAME = "$(TARGET_NAME)";
				TEST_HOST = "$(BUILT_PRODUCTS_DIR)/BusmeIPhone.app/BusmeIPhone";
			};
			name = Release;
		};
/* End XCBuildConfiguration section */

/* Begin XCConfigurationList section */
		F3C8FE471A5359B0009FF404 /* Build configuration list for PBXProject "BusmeIPhone" */ = {
			isa = XCConfigurationList;
			buildConfigurations = (
				F3C8FE6B1A5359B0009FF404 /* Debug */,
				F3C8FE6C1A5359B0009FF404 /* Release */,
			);
			defaultConfigurationIsVisible = 0;
			defaultConfigurationName = Release;
		};
		F3C8FE6D1A5359B0009FF404 /* Build configuration list for PBXNativeTarget "BusmeIPhone" */ = {
			isa = XCConfigurationList;
			buildConfigurations = (
				F3C8FE6E1A5359B0009FF404 /* Debug */,
				F3C8FE6F1A5359B0009FF404 /* Release */,
			);
			defaultConfigurationIsVisible = 0;
			defaultConfigurationName = Release;
		};
		F3C8FE701A5359B0009FF404 /* Build configuration list for PBXNativeTarget "BusmeIPhoneTests" */ = {
			isa = XCConfigurationList;
			buildConfigurations = (
				F3C8FE711A5359B0009FF404 /* Debug */,
				F3C8FE721A5359B0009FF404 /* Release */,
			);
			defaultConfigurationIsVisible = 0;
			defaultConfigurationName = Release;
		};
/* End XCConfigurationList section */
	};
	rootObject = F3C8FE441A5359B0009FF404 /* Project object */;
}
